
Microsoft Visual Studio Solution File, Format Version 12.00
# Visual Studio Version 17
VisualStudioVersion = 17.9.34714.143
MinimumVisualStudioVersion = 10.0.40219.1
Project("{FAE04EC0-301F-11D3-BF4B-00C04F79EFBC}") = "BitRuisseau", "BitRuisseau.csproj", "{2C6CA375-C8FC-46B5-BBA7-FC4D0BD66A11}"
EndProject
Global
	GlobalSection(SolutionConfigurationPlatforms) = preSolution
		Debug|Any CPU = Debug|Any CPU
		Release|Any CPU = Release|Any CPU
	EndGlobalSection
	GlobalSection(ProjectConfigurationPlatforms) = postSolution
		{2C6CA375-C8FC-46B5-BBA7-FC4D0BD66A11}.Debug|Any CPU.ActiveCfg = Debug|Any CPU
		{2C6CA375-C8FC-46B5-BBA7-FC4D0BD66A11}.Debug|Any CPU.Build.0 = Debug|Any CPU
		{2C6CA375-C8FC-46B5-BBA7-FC4D0BD66A11}.Release|Any CPU.ActiveCfg = Release|Any CPU
		{2C6CA375-C8FC-46B5-BBA7-FC4D0BD66A11}.Release|Any CPU.Build.0 = Release|Any CPU
	EndGlobalSection
	GlobalSection(SolutionProperties) = preSolution
		HideSolutionNode = FALSE
	EndGlobalSection
	GlobalSection(ExtensibilityGlobals) = postSolution
		SolutionGuid = {0A90F8F3-6BDE-46AF-9CB4-9B18271E17BB}
	EndGlobalSection
EndGlobal
